
Microsoft Visual Studio Solution File, Format Version 12.00
# Visual Studio Version 17
VisualStudioVersion = 17.12.35527.113
MinimumVisualStudioVersion = 10.0.40219.1
Project("{FAE04EC0-301F-11D3-BF4B-00C04F79EFBC}") = "Expense Tracker", "Expense Tracker\Expense Tracker.csproj", "{5347CD62-6ED1-4FE8-A9AE-4BE539D889EB}"
EndProject
Project("{2150E333-8FDC-42A3-9474-1A3956D46DE8}") = "Solution Items", "Solution Items", "{CE3CEF0C-2827-4240-BDD3-D54C395461B9}"
	ProjectSection(SolutionItems) = preProject
		.editorconfig = .editorconfig
	EndProjectSection
EndProject
Project("{FAE04EC0-301F-11D3-BF4B-00C04F79EFBC}") = "ExpenseTracker", "ExpenseTracker\ExpenseTracker.csproj", "{92AF5ECA-66B9-45C1-837D-2CC3FDAECFA4}"
EndProject
Global
	GlobalSection(SolutionConfigurationPlatforms) = preSolution
		Debug|Any CPU = Debug|Any CPU
		Release|Any CPU = Release|Any CPU
	EndGlobalSection
	GlobalSection(ProjectConfigurationPlatforms) = postSolution
		{5347CD62-6ED1-4FE8-A9AE-4BE539D889EB}.Debug|Any CPU.ActiveCfg = Debug|Any CPU
		{5347CD62-6ED1-4FE8-A9AE-4BE539D889EB}.Debug|Any CPU.Build.0 = Debug|Any CPU
		{5347CD62-6ED1-4FE8-A9AE-4BE539D889EB}.Release|Any CPU.ActiveCfg = Release|Any CPU
		{5347CD62-6ED1-4FE8-A9AE-4BE539D889EB}.Release|Any CPU.Build.0 = Release|Any CPU
		{92AF5ECA-66B9-45C1-837D-2CC3FDAECFA4}.Debug|Any CPU.ActiveCfg = Debug|Any CPU
		{92AF5ECA-66B9-45C1-837D-2CC3FDAECFA4}.Debug|Any CPU.Build.0 = Debug|Any CPU
		{92AF5ECA-66B9-45C1-837D-2CC3FDAECFA4}.Release|Any CPU.ActiveCfg = Release|Any CPU
		{92AF5ECA-66B9-45C1-837D-2CC3FDAECFA4}.Release|Any CPU.Build.0 = Release|Any CPU
	EndGlobalSection
	GlobalSection(SolutionProperties) = preSolution
		HideSolutionNode = FALSE
	EndGlobalSection
EndGlobal
